
Microsoft Visual Studio Solution File, Format Version 12.00
# Visual Studio Version 16
VisualStudioVersion = 16.0.30413.136
MinimumVisualStudioVersion = 15.0.26124.0
Project("{9A19103F-16F7-4668-BE54-9A1E7A4F7556}") = "Groundbeef.UnitTest", "test\Groundbeef.UnitTest.csproj", "{97FB5D20-9F64-4FA8-A4C0-002680EB9B4E}"
EndProject
Project("{9A19103F-16F7-4668-BE54-9A1E7A4F7556}") = "Groundbeef.BinaryEncoding", "src\BinaryEncoding\Groundbeef.BinaryEncoding.csproj", "{22D414E6-2E2A-454C-A445-54CB30B1A17A}"
EndProject
Project("{9A19103F-16F7-4668-BE54-9A1E7A4F7556}") = "Groundbeef.Core", "src\Core\Groundbeef.Core.csproj", "{050A596C-D1C2-4F06-8104-9B0132F2C593}"
EndProject
Project("{9A19103F-16F7-4668-BE54-9A1E7A4F7556}") = "Groundbeef.Drawing", "src\Drawing\Groundbeef.Drawing.csproj", "{2FE19BF1-8143-4A93-A594-EF1894E58B31}"
EndProject
Project("{9A19103F-16F7-4668-BE54-9A1E7A4F7556}") = "Groundbeef.Events", "src\Events\Groundbeef.Events.csproj", "{B90B28ED-926B-4CE9-900A-877E71BAC5C1}"
EndProject
Project("{9A19103F-16F7-4668-BE54-9A1E7A4F7556}") = "Groundbeef.IO", "src\IO\Groundbeef.IO.csproj", "{8EE4D8E6-3F14-49FC-A3EC-0D62F3F78E24}"
EndProject
Project("{9A19103F-16F7-4668-BE54-9A1E7A4F7556}") = "Groundbeef.Localisation", "src\Localisation\Groundbeef.Localisation.csproj", "{5592AB3D-1D07-42A1-B625-2CF466EA9118}"
EndProject
Project("{9A19103F-16F7-4668-BE54-9A1E7A4F7556}") = "Groundbeef.Reflection", "src\Reflection\Groundbeef.Reflection.csproj", "{825AAA61-B7AC-4832-8AC2-639D7D63D1B1}"
EndProject
Project("{9A19103F-16F7-4668-BE54-9A1E7A4F7556}") = "Groundbeef.SharedResources", "src\SharedResources\Groundbeef.SharedResources.csproj", "{CBFE385F-C013-4A8A-AF70-281F387D96F3}"
EndProject
Project("{9A19103F-16F7-4668-BE54-9A1E7A4F7556}") = "Groundbeef.Text", "src\Text\Groundbeef.Text.csproj", "{CEF6BBFD-447F-4CA3-9BFC-CB777F302672}"
EndProject
Project("{9A19103F-16F7-4668-BE54-9A1E7A4F7556}") = "Groundbeef.WPF", "src\WPF\Groundbeef.WPF.csproj", "{91CEFB13-6C91-4D46-8D74-D7C42FDBAD3E}"
EndProject
Project("{2150E333-8FDC-42A3-9474-1A3956D46DE8}") = "Collections", "Collections", "{F73C75EC-8B51-4A52-B9D4-62DFBE118165}"
EndProject
Project("{9A19103F-16F7-4668-BE54-9A1E7A4F7556}") = "Groundbeef.Collections", "src\Collections\Collections\Groundbeef.Collections.csproj", "{E96CD342-BBE1-4697-9730-372E03288B90}"
EndProject
Project("{9A19103F-16F7-4668-BE54-9A1E7A4F7556}") = "Groundbeef.Collections.BitCollections", "src\Collections\Collections.BitCollections\Groundbeef.Collections.BitCollections.csproj", "{914CA417-34E7-455F-A1CC-6BF2E30E94CE}"
EndProject
Project("{9A19103F-16F7-4668-BE54-9A1E7A4F7556}") = "Groundbeef.Collections.Concurrent", "src\Collections\Collections.Concurrent\Groundbeef.Collections.Concurrent.csproj", "{C8461E0B-7FE3-456B-951C-5517E12AEDD9}"
EndProject
Project("{9A19103F-16F7-4668-BE54-9A1E7A4F7556}") = "Groundbeef.Collections.Spans", "src\Collections\Collections.Spans\Groundbeef.Collections.Spans.csproj", "{F70391C4-3F63-44E4-A76F-7645DEE76D2E}"
EndProject
Project("{2150E333-8FDC-42A3-9474-1A3956D46DE8}") = "Json", "Json", "{04D22602-76D7-44F9-8CE1-51B5E5E451D2}"
EndProject
Project("{9A19103F-16F7-4668-BE54-9A1E7A4F7556}") = "Groundbeef.Json.Resources", "src\Json\Json.Resources\Groundbeef.Json.Resources.csproj", "{DC93ECDF-B9F3-4917-AC8F-0AFCE5AB6A7E}"
EndProject
Project("{9A19103F-16F7-4668-BE54-9A1E7A4F7556}") = "Groundbeef.Json.Settings", "src\Json\Json.Settings\Groundbeef.Json.Settings.csproj", "{00DB0948-A314-4632-BFA4-006024B462E7}"
EndProject
Global
	GlobalSection(SolutionConfigurationPlatforms) = preSolution
		Debug|Any CPU = Debug|Any CPU
		Debug|x64 = Debug|x64
		Debug|x86 = Debug|x86
		Release|Any CPU = Release|Any CPU
		Release|x64 = Release|x64
		Release|x86 = Release|x86
	EndGlobalSection
	GlobalSection(ProjectConfigurationPlatforms) = postSolution
		{97FB5D20-9F64-4FA8-A4C0-002680EB9B4E}.Debug|Any CPU.ActiveCfg = Debug|Any CPU
		{97FB5D20-9F64-4FA8-A4C0-002680EB9B4E}.Debug|Any CPU.Build.0 = Debug|Any CPU
		{97FB5D20-9F64-4FA8-A4C0-002680EB9B4E}.Debug|x64.ActiveCfg = Debug|Any CPU
		{97FB5D20-9F64-4FA8-A4C0-002680EB9B4E}.Debug|x64.Build.0 = Debug|Any CPU
		{97FB5D20-9F64-4FA8-A4C0-002680EB9B4E}.Debug|x86.ActiveCfg = Debug|Any CPU
		{97FB5D20-9F64-4FA8-A4C0-002680EB9B4E}.Debug|x86.Build.0 = Debug|Any CPU
		{97FB5D20-9F64-4FA8-A4C0-002680EB9B4E}.Release|Any CPU.ActiveCfg = Release|Any CPU
		{97FB5D20-9F64-4FA8-A4C0-002680EB9B4E}.Release|Any CPU.Build.0 = Release|Any CPU
		{97FB5D20-9F64-4FA8-A4C0-002680EB9B4E}.Release|x64.ActiveCfg = Release|Any CPU
		{97FB5D20-9F64-4FA8-A4C0-002680EB9B4E}.Release|x64.Build.0 = Release|Any CPU
		{97FB5D20-9F64-4FA8-A4C0-002680EB9B4E}.Release|x86.ActiveCfg = Release|Any CPU
		{97FB5D20-9F64-4FA8-A4C0-002680EB9B4E}.Release|x86.Build.0 = Release|Any CPU
		{22D414E6-2E2A-454C-A445-54CB30B1A17A}.Debug|Any CPU.ActiveCfg = Debug|Any CPU
		{22D414E6-2E2A-454C-A445-54CB30B1A17A}.Debug|Any CPU.Build.0 = Debug|Any CPU
		{22D414E6-2E2A-454C-A445-54CB30B1A17A}.Debug|x64.ActiveCfg = Debug|x64
		{22D414E6-2E2A-454C-A445-54CB30B1A17A}.Debug|x64.Build.0 = Debug|x64
		{22D414E6-2E2A-454C-A445-54CB30B1A17A}.Debug|x86.ActiveCfg = Debug|x86
		{22D414E6-2E2A-454C-A445-54CB30B1A17A}.Debug|x86.Build.0 = Debug|x86
		{22D414E6-2E2A-454C-A445-54CB30B1A17A}.Release|Any CPU.ActiveCfg = Release|Any CPU
		{22D414E6-2E2A-454C-A445-54CB30B1A17A}.Release|Any CPU.Build.0 = Release|Any CPU
		{22D414E6-2E2A-454C-A445-54CB30B1A17A}.Release|x64.ActiveCfg = Release|x64
		{22D414E6-2E2A-454C-A445-54CB30B1A17A}.Release|x64.Build.0 = Release|x64
		{22D414E6-2E2A-454C-A445-54CB30B1A17A}.Release|x86.ActiveCfg = Release|x86
		{22D414E6-2E2A-454C-A445-54CB30B1A17A}.Release|x86.Build.0 = Release|x86
		{050A596C-D1C2-4F06-8104-9B0132F2C593}.Debug|Any CPU.ActiveCfg = Debug|Any CPU
		{050A596C-D1C2-4F06-8104-9B0132F2C593}.Debug|Any CPU.Build.0 = Debug|Any CPU
		{050A596C-D1C2-4F06-8104-9B0132F2C593}.Debug|x64.ActiveCfg = Debug|x64
		{050A596C-D1C2-4F06-8104-9B0132F2C593}.Debug|x64.Build.0 = Debug|x64
		{050A596C-D1C2-4F06-8104-9B0132F2C593}.Debug|x86.ActiveCfg = Debug|x86
		{050A596C-D1C2-4F06-8104-9B0132F2C593}.Debug|x86.Build.0 = Debug|x86
		{050A596C-D1C2-4F06-8104-9B0132F2C593}.Release|Any CPU.ActiveCfg = Release|Any CPU
		{050A596C-D1C2-4F06-8104-9B0132F2C593}.Release|Any CPU.Build.0 = Release|Any CPU
		{050A596C-D1C2-4F06-8104-9B0132F2C593}.Release|x64.ActiveCfg = Release|x64
		{050A596C-D1C2-4F06-8104-9B0132F2C593}.Release|x64.Build.0 = Release|x64
		{050A596C-D1C2-4F06-8104-9B0132F2C593}.Release|x86.ActiveCfg = Release|x86
		{050A596C-D1C2-4F06-8104-9B0132F2C593}.Release|x86.Build.0 = Release|x86
		{2FE19BF1-8143-4A93-A594-EF1894E58B31}.Debug|Any CPU.ActiveCfg = Debug|Any CPU
		{2FE19BF1-8143-4A93-A594-EF1894E58B31}.Debug|Any CPU.Build.0 = Debug|Any CPU
		{2FE19BF1-8143-4A93-A594-EF1894E58B31}.Debug|x64.ActiveCfg = Debug|x64
		{2FE19BF1-8143-4A93-A594-EF1894E58B31}.Debug|x64.Build.0 = Debug|x64
		{2FE19BF1-8143-4A93-A594-EF1894E58B31}.Debug|x86.ActiveCfg = Debug|x86
		{2FE19BF1-8143-4A93-A594-EF1894E58B31}.Debug|x86.Build.0 = Debug|x86
		{2FE19BF1-8143-4A93-A594-EF1894E58B31}.Release|Any CPU.ActiveCfg = Release|Any CPU
		{2FE19BF1-8143-4A93-A594-EF1894E58B31}.Release|Any CPU.Build.0 = Release|Any CPU
		{2FE19BF1-8143-4A93-A594-EF1894E58B31}.Release|x64.ActiveCfg = Release|x64
		{2FE19BF1-8143-4A93-A594-EF1894E58B31}.Release|x64.Build.0 = Release|x64
		{2FE19BF1-8143-4A93-A594-EF1894E58B31}.Release|x86.ActiveCfg = Release|x86
		{2FE19BF1-8143-4A93-A594-EF1894E58B31}.Release|x86.Build.0 = Release|x86
		{B90B28ED-926B-4CE9-900A-877E71BAC5C1}.Debug|Any CPU.ActiveCfg = Debug|Any CPU
		{B90B28ED-926B-4CE9-900A-877E71BAC5C1}.Debug|Any CPU.Build.0 = Debug|Any CPU
		{B90B28ED-926B-4CE9-900A-877E71BAC5C1}.Debug|x64.ActiveCfg = Debug|x64
		{B90B28ED-926B-4CE9-900A-877E71BAC5C1}.Debug|x64.Build.0 = Debug|x64
		{B90B28ED-926B-4CE9-900A-877E71BAC5C1}.Debug|x86.ActiveCfg = Debug|x86
		{B90B28ED-926B-4CE9-900A-877E71BAC5C1}.Debug|x86.Build.0 = Debug|x86
		{B90B28ED-926B-4CE9-900A-877E71BAC5C1}.Release|Any CPU.ActiveCfg = Release|Any CPU
		{B90B28ED-926B-4CE9-900A-877E71BAC5C1}.Release|Any CPU.Build.0 = Release|Any CPU
		{B90B28ED-926B-4CE9-900A-877E71BAC5C1}.Release|x64.ActiveCfg = Release|x64
		{B90B28ED-926B-4CE9-900A-877E71BAC5C1}.Release|x64.Build.0 = Release|x64
		{B90B28ED-926B-4CE9-900A-877E71BAC5C1}.Release|x86.ActiveCfg = Release|x86
		{B90B28ED-926B-4CE9-900A-877E71BAC5C1}.Release|x86.Build.0 = Release|x86
		{8EE4D8E6-3F14-49FC-A3EC-0D62F3F78E24}.Debug|Any CPU.ActiveCfg = Debug|Any CPU
		{8EE4D8E6-3F14-49FC-A3EC-0D62F3F78E24}.Debug|Any CPU.Build.0 = Debug|Any CPU
		{8EE4D8E6-3F14-49FC-A3EC-0D62F3F78E24}.Debug|x64.ActiveCfg = Debug|x64
		{8EE4D8E6-3F14-49FC-A3EC-0D62F3F78E24}.Debug|x64.Build.0 = Debug|x64
		{8EE4D8E6-3F14-49FC-A3EC-0D62F3F78E24}.Debug|x86.ActiveCfg = Debug|x86
		{8EE4D8E6-3F14-49FC-A3EC-0D62F3F78E24}.Debug|x86.Build.0 = Debug|x86
		{8EE4D8E6-3F14-49FC-A3EC-0D62F3F78E24}.Release|Any CPU.ActiveCfg = Release|Any CPU
		{8EE4D8E6-3F14-49FC-A3EC-0D62F3F78E24}.Release|Any CPU.Build.0 = Release|Any CPU
		{8EE4D8E6-3F14-49FC-A3EC-0D62F3F78E24}.Release|x64.ActiveCfg = Release|x64
		{8EE4D8E6-3F14-49FC-A3EC-0D62F3F78E24}.Release|x64.Build.0 = Release|x64
		{8EE4D8E6-3F14-49FC-A3EC-0D62F3F78E24}.Release|x86.ActiveCfg = Release|x86
		{8EE4D8E6-3F14-49FC-A3EC-0D62F3F78E24}.Release|x86.Build.0 = Release|x86
		{5592AB3D-1D07-42A1-B625-2CF466EA9118}.Debug|Any CPU.ActiveCfg = Debug|Any CPU
		{5592AB3D-1D07-42A1-B625-2CF466EA9118}.Debug|Any CPU.Build.0 = Debug|Any CPU
		{5592AB3D-1D07-42A1-B625-2CF466EA9118}.Debug|x64.ActiveCfg = Debug|x64
		{5592AB3D-1D07-42A1-B625-2CF466EA9118}.Debug|x64.Build.0 = Debug|x64
		{5592AB3D-1D07-42A1-B625-2CF466EA9118}.Debug|x86.ActiveCfg = Debug|x86
		{5592AB3D-1D07-42A1-B625-2CF466EA9118}.Debug|x86.Build.0 = Debug|x86
		{5592AB3D-1D07-42A1-B625-2CF466EA9118}.Release|Any CPU.ActiveCfg = Release|Any CPU
		{5592AB3D-1D07-42A1-B625-2CF466EA9118}.Release|Any CPU.Build.0 = Release|Any CPU
		{5592AB3D-1D07-42A1-B625-2CF466EA9118}.Release|x64.ActiveCfg = Release|x64
		{5592AB3D-1D07-42A1-B625-2CF466EA9118}.Release|x64.Build.0 = Release|x64
		{5592AB3D-1D07-42A1-B625-2CF466EA9118}.Release|x86.ActiveCfg = Release|x86
		{5592AB3D-1D07-42A1-B625-2CF466EA9118}.Release|x86.Build.0 = Release|x86
		{825AAA61-B7AC-4832-8AC2-639D7D63D1B1}.Debug|Any CPU.ActiveCfg = Debug|Any CPU
		{825AAA61-B7AC-4832-8AC2-639D7D63D1B1}.Debug|Any CPU.Build.0 = Debug|Any CPU
		{825AAA61-B7AC-4832-8AC2-639D7D63D1B1}.Debug|x64.ActiveCfg = Debug|x64
		{825AAA61-B7AC-4832-8AC2-639D7D63D1B1}.Debug|x64.Build.0 = Debug|x64
		{825AAA61-B7AC-4832-8AC2-639D7D63D1B1}.Debug|x86.ActiveCfg = Debug|x86
		{825AAA61-B7AC-4832-8AC2-639D7D63D1B1}.Debug|x86.Build.0 = Debug|x86
		{825AAA61-B7AC-4832-8AC2-639D7D63D1B1}.Release|Any CPU.ActiveCfg = Release|Any CPU
		{825AAA61-B7AC-4832-8AC2-639D7D63D1B1}.Release|Any CPU.Build.0 = Release|Any CPU
		{825AAA61-B7AC-4832-8AC2-639D7D63D1B1}.Release|x64.ActiveCfg = Release|x64
		{825AAA61-B7AC-4832-8AC2-639D7D63D1B1}.Release|x64.Build.0 = Release|x64
		{825AAA61-B7AC-4832-8AC2-639D7D63D1B1}.Release|x86.ActiveCfg = Release|x86
		{825AAA61-B7AC-4832-8AC2-639D7D63D1B1}.Release|x86.Build.0 = Release|x86
		{CBFE385F-C013-4A8A-AF70-281F387D96F3}.Debug|Any CPU.ActiveCfg = Debug|Any CPU
		{CBFE385F-C013-4A8A-AF70-281F387D96F3}.Debug|Any CPU.Build.0 = Debug|Any CPU
		{CBFE385F-C013-4A8A-AF70-281F387D96F3}.Debug|x64.ActiveCfg = Debug|x64
		{CBFE385F-C013-4A8A-AF70-281F387D96F3}.Debug|x64.Build.0 = Debug|x64
		{CBFE385F-C013-4A8A-AF70-281F387D96F3}.Debug|x86.ActiveCfg = Debug|x86
		{CBFE385F-C013-4A8A-AF70-281F387D96F3}.Debug|x86.Build.0 = Debug|x86
		{CBFE385F-C013-4A8A-AF70-281F387D96F3}.Release|Any CPU.ActiveCfg = Release|Any CPU
		{CBFE385F-C013-4A8A-AF70-281F387D96F3}.Release|Any CPU.Build.0 = Release|Any CPU
		{CBFE385F-C013-4A8A-AF70-281F387D96F3}.Release|x64.ActiveCfg = Release|x64
		{CBFE385F-C013-4A8A-AF70-281F387D96F3}.Release|x64.Build.0 = Release|x64
		{CBFE385F-C013-4A8A-AF70-281F387D96F3}.Release|x86.ActiveCfg = Release|x86
		{CBFE385F-C013-4A8A-AF70-281F387D96F3}.Release|x86.Build.0 = Release|x86
		{CEF6BBFD-447F-4CA3-9BFC-CB777F302672}.Debug|Any CPU.ActiveCfg = Debug|Any CPU
		{CEF6BBFD-447F-4CA3-9BFC-CB777F302672}.Debug|Any CPU.Build.0 = Debug|Any CPU
		{CEF6BBFD-447F-4CA3-9BFC-CB777F302672}.Debug|x64.ActiveCfg = Debug|x64
		{CEF6BBFD-447F-4CA3-9BFC-CB777F302672}.Debug|x64.Build.0 = Debug|x64
		{CEF6BBFD-447F-4CA3-9BFC-CB777F302672}.Debug|x86.ActiveCfg = Debug|x86
		{CEF6BBFD-447F-4CA3-9BFC-CB777F302672}.Debug|x86.Build.0 = Debug|x86
		{CEF6BBFD-447F-4CA3-9BFC-CB777F302672}.Release|Any CPU.ActiveCfg = Release|Any CPU
		{CEF6BBFD-447F-4CA3-9BFC-CB777F302672}.Release|Any CPU.Build.0 = Release|Any CPU
		{CEF6BBFD-447F-4CA3-9BFC-CB777F302672}.Release|x64.ActiveCfg = Release|x64
		{CEF6BBFD-447F-4CA3-9BFC-CB777F302672}.Release|x64.Build.0 = Release|x64
		{CEF6BBFD-447F-4CA3-9BFC-CB777F302672}.Release|x86.ActiveCfg = Release|x86
		{CEF6BBFD-447F-4CA3-9BFC-CB777F302672}.Release|x86.Build.0 = Release|x86
		{91CEFB13-6C91-4D46-8D74-D7C42FDBAD3E}.Debug|Any CPU.ActiveCfg = Debug|Any CPU
		{91CEFB13-6C91-4D46-8D74-D7C42FDBAD3E}.Debug|Any CPU.Build.0 = Debug|Any CPU
		{91CEFB13-6C91-4D46-8D74-D7C42FDBAD3E}.Debug|x64.ActiveCfg = Debug|x64
		{91CEFB13-6C91-4D46-8D74-D7C42FDBAD3E}.Debug|x64.Build.0 = Debug|x64
		{91CEFB13-6C91-4D46-8D74-D7C42FDBAD3E}.Debug|x86.ActiveCfg = Debug|x86
		{91CEFB13-6C91-4D46-8D74-D7C42FDBAD3E}.Debug|x86.Build.0 = Debug|x86
		{91CEFB13-6C91-4D46-8D74-D7C42FDBAD3E}.Release|Any CPU.ActiveCfg = Release|Any CPU
		{91CEFB13-6C91-4D46-8D74-D7C42FDBAD3E}.Release|Any CPU.Build.0 = Release|Any CPU
		{91CEFB13-6C91-4D46-8D74-D7C42FDBAD3E}.Release|x64.ActiveCfg = Release|x64
		{91CEFB13-6C91-4D46-8D74-D7C42FDBAD3E}.Release|x64.Build.0 = Release|x64
		{91CEFB13-6C91-4D46-8D74-D7C42FDBAD3E}.Release|x86.ActiveCfg = Release|x86
		{91CEFB13-6C91-4D46-8D74-D7C42FDBAD3E}.Release|x86.Build.0 = Release|x86
		{E96CD342-BBE1-4697-9730-372E03288B90}.Debug|Any CPU.ActiveCfg = Debug|Any CPU
		{E96CD342-BBE1-4697-9730-372E03288B90}.Debug|Any CPU.Build.0 = Debug|Any CPU
		{E96CD342-BBE1-4697-9730-372E03288B90}.Debug|x64.ActiveCfg = Debug|x64
		{E96CD342-BBE1-4697-9730-372E03288B90}.Debug|x64.Build.0 = Debug|x64
		{E96CD342-BBE1-4697-9730-372E03288B90}.Debug|x86.ActiveCfg = Debug|x86
		{E96CD342-BBE1-4697-9730-372E03288B90}.Debug|x86.Build.0 = Debug|x86
		{E96CD342-BBE1-4697-9730-372E03288B90}.Release|Any CPU.ActiveCfg = Release|Any CPU
		{E96CD342-BBE1-4697-9730-372E03288B90}.Release|Any CPU.Build.0 = Release|Any CPU
		{E96CD342-BBE1-4697-9730-372E03288B90}.Release|x64.ActiveCfg = Release|x64
		{E96CD342-BBE1-4697-9730-372E03288B90}.Release|x64.Build.0 = Release|x64
		{E96CD342-BBE1-4697-9730-372E03288B90}.Release|x86.ActiveCfg = Release|x86
		{E96CD342-BBE1-4697-9730-372E03288B90}.Release|x86.Build.0 = Release|x86
		{914CA417-34E7-455F-A1CC-6BF2E30E94CE}.Debug|Any CPU.ActiveCfg = Debug|Any CPU
		{914CA417-34E7-455F-A1CC-6BF2E30E94CE}.Debug|Any CPU.Build.0 = Debug|Any CPU
		{914CA417-34E7-455F-A1CC-6BF2E30E94CE}.Debug|x64.ActiveCfg = Debug|x64
		{914CA417-34E7-455F-A1CC-6BF2E30E94CE}.Debug|x64.Build.0 = Debug|x64
		{914CA417-34E7-455F-A1CC-6BF2E30E94CE}.Debug|x86.ActiveCfg = Debug|x86
		{914CA417-34E7-455F-A1CC-6BF2E30E94CE}.Debug|x86.Build.0 = Debug|x86
		{914CA417-34E7-455F-A1CC-6BF2E30E94CE}.Release|Any CPU.ActiveCfg = Release|Any CPU
		{914CA417-34E7-455F-A1CC-6BF2E30E94CE}.Release|Any CPU.Build.0 = Release|Any CPU
		{914CA417-34E7-455F-A1CC-6BF2E30E94CE}.Release|x64.ActiveCfg = Release|x64
		{914CA417-34E7-455F-A1CC-6BF2E30E94CE}.Release|x64.Build.0 = Release|x64
		{914CA417-34E7-455F-A1CC-6BF2E30E94CE}.Release|x86.ActiveCfg = Release|x86
		{914CA417-34E7-455F-A1CC-6BF2E30E94CE}.Release|x86.Build.0 = Release|x86
		{C8461E0B-7FE3-456B-951C-5517E12AEDD9}.Debug|Any CPU.ActiveCfg = Debug|Any CPU
		{C8461E0B-7FE3-456B-951C-5517E12AEDD9}.Debug|Any CPU.Build.0 = Debug|Any CPU
		{C8461E0B-7FE3-456B-951C-5517E12AEDD9}.Debug|x64.ActiveCfg = Debug|x64
		{C8461E0B-7FE3-456B-951C-5517E12AEDD9}.Debug|x64.Build.0 = Debug|x64
		{C8461E0B-7FE3-456B-951C-5517E12AEDD9}.Debug|x86.ActiveCfg = Debug|x86
		{C8461E0B-7FE3-456B-951C-5517E12AEDD9}.Debug|x86.Build.0 = Debug|x86
		{C8461E0B-7FE3-456B-951C-5517E12AEDD9}.Release|Any CPU.ActiveCfg = Release|Any CPU
		{C8461E0B-7FE3-456B-951C-5517E12AEDD9}.Release|Any CPU.Build.0 = Release|Any CPU
		{C8461E0B-7FE3-456B-951C-5517E12AEDD9}.Release|x64.ActiveCfg = Release|x64
		{C8461E0B-7FE3-456B-951C-5517E12AEDD9}.Release|x64.Build.0 = Release|x64
		{C8461E0B-7FE3-456B-951C-5517E12AEDD9}.Release|x86.ActiveCfg = Release|x86
		{C8461E0B-7FE3-456B-951C-5517E12AEDD9}.Release|x86.Build.0 = Release|x86
		{F70391C4-3F63-44E4-A76F-7645DEE76D2E}.Debug|Any CPU.ActiveCfg = Debug|Any CPU
		{F70391C4-3F63-44E4-A76F-7645DEE76D2E}.Debug|Any CPU.Build.0 = Debug|Any CPU
		{F70391C4-3F63-44E4-A76F-7645DEE76D2E}.Debug|x64.ActiveCfg = Debug|x64
		{F70391C4-3F63-44E4-A76F-7645DEE76D2E}.Debug|x64.Build.0 = Debug|x64
		{F70391C4-3F63-44E4-A76F-7645DEE76D2E}.Debug|x86.ActiveCfg = Debug|x86
		{F70391C4-3F63-44E4-A76F-7645DEE76D2E}.Debug|x86.Build.0 = Debug|x86
		{F70391C4-3F63-44E4-A76F-7645DEE76D2E}.Release|Any CPU.ActiveCfg = Release|Any CPU
		{F70391C4-3F63-44E4-A76F-7645DEE76D2E}.Release|Any CPU.Build.0 = Release|Any CPU
		{F70391C4-3F63-44E4-A76F-7645DEE76D2E}.Release|x64.ActiveCfg = Release|x64
		{F70391C4-3F63-44E4-A76F-7645DEE76D2E}.Release|x64.Build.0 = Release|x64
		{F70391C4-3F63-44E4-A76F-7645DEE76D2E}.Release|x86.ActiveCfg = Release|x86
		{F70391C4-3F63-44E4-A76F-7645DEE76D2E}.Release|x86.Build.0 = Release|x86
		{DC93ECDF-B9F3-4917-AC8F-0AFCE5AB6A7E}.Debug|Any CPU.ActiveCfg = Debug|Any CPU
		{DC93ECDF-B9F3-4917-AC8F-0AFCE5AB6A7E}.Debug|Any CPU.Build.0 = Debug|Any CPU
		{DC93ECDF-B9F3-4917-AC8F-0AFCE5AB6A7E}.Debug|x64.ActiveCfg = Debug|x64
		{DC93ECDF-B9F3-4917-AC8F-0AFCE5AB6A7E}.Debug|x64.Build.0 = Debug|x64
		{DC93ECDF-B9F3-4917-AC8F-0AFCE5AB6A7E}.Debug|x86.ActiveCfg = Debug|x86
		{DC93ECDF-B9F3-4917-AC8F-0AFCE5AB6A7E}.Debug|x86.Build.0 = Debug|x86
		{DC93ECDF-B9F3-4917-AC8F-0AFCE5AB6A7E}.Release|Any CPU.ActiveCfg = Release|Any CPU
		{DC93ECDF-B9F3-4917-AC8F-0AFCE5AB6A7E}.Release|Any CPU.Build.0 = Release|Any CPU
		{DC93ECDF-B9F3-4917-AC8F-0AFCE5AB6A7E}.Release|x64.ActiveCfg = Release|x64
		{DC93ECDF-B9F3-4917-AC8F-0AFCE5AB6A7E}.Release|x64.Build.0 = Release|x64
		{DC93ECDF-B9F3-4917-AC8F-0AFCE5AB6A7E}.Release|x86.ActiveCfg = Release|x86
		{DC93ECDF-B9F3-4917-AC8F-0AFCE5AB6A7E}.Release|x86.Build.0 = Release|x86
		{00DB0948-A314-4632-BFA4-006024B462E7}.Debug|Any CPU.ActiveCfg = Debug|Any CPU
		{00DB0948-A314-4632-BFA4-006024B462E7}.Debug|Any CPU.Build.0 = Debug|Any CPU
		{00DB0948-A314-4632-BFA4-006024B462E7}.Debug|x64.ActiveCfg = Debug|x64
		{00DB0948-A314-4632-BFA4-006024B462E7}.Debug|x64.Build.0 = Debug|x64
		{00DB0948-A314-4632-BFA4-006024B462E7}.Debug|x86.ActiveCfg = Debug|x86
		{00DB0948-A314-4632-BFA4-006024B462E7}.Debug|x86.Build.0 = Debug|x86
		{00DB0948-A314-4632-BFA4-006024B462E7}.Release|Any CPU.ActiveCfg = Release|Any CPU
		{00DB0948-A314-4632-BFA4-006024B462E7}.Release|Any CPU.Build.0 = Release|Any CPU
		{00DB0948-A314-4632-BFA4-006024B462E7}.Release|x64.ActiveCfg = Release|x64
		{00DB0948-A314-4632-BFA4-006024B462E7}.Release|x64.Build.0 = Release|x64
		{00DB0948-A314-4632-BFA4-006024B462E7}.Release|x86.ActiveCfg = Release|x86
		{00DB0948-A314-4632-BFA4-006024B462E7}.Release|x86.Build.0 = Release|x86
	EndGlobalSection
	GlobalSection(SolutionProperties) = preSolution
		HideSolutionNode = FALSE
	EndGlobalSection
	GlobalSection(NestedProjects) = preSolution
		{E96CD342-BBE1-4697-9730-372E03288B90} = {F73C75EC-8B51-4A52-B9D4-62DFBE118165}
		{914CA417-34E7-455F-A1CC-6BF2E30E94CE} = {F73C75EC-8B51-4A52-B9D4-62DFBE118165}
		{C8461E0B-7FE3-456B-951C-5517E12AEDD9} = {F73C75EC-8B51-4A52-B9D4-62DFBE118165}
		{F70391C4-3F63-44E4-A76F-7645DEE76D2E} = {F73C75EC-8B51-4A52-B9D4-62DFBE118165}
		{DC93ECDF-B9F3-4917-AC8F-0AFCE5AB6A7E} = {04D22602-76D7-44F9-8CE1-51B5E5E451D2}
		{00DB0948-A314-4632-BFA4-006024B462E7} = {04D22602-76D7-44F9-8CE1-51B5E5E451D2}
	EndGlobalSection
	GlobalSection(ExtensibilityGlobals) = postSolution
		SolutionGuid = {494D5532-0F0B-43AD-8868-1C9A772EB6FC}
	EndGlobalSection
EndGlobal
